
Microsoft Visual Studio Solution File, Format Version 12.00
# Visual Studio Version 16
VisualStudioVersion = 16.0.31112.23
MinimumVisualStudioVersion = 10.0.40219.1
Project("{FAE04EC0-301F-11D3-BF4B-00C04F79EFBC}") = "Client", "Client\Client.csproj", "{E8E11F56-14E8-46E9-9A8A-7E38960BEB0D}"
EndProject
Project("{FAE04EC0-301F-11D3-BF4B-00C04F79EFBC}") = "Server", "Server\Server.csproj", "{ED3F191B-956A-419C-B3D4-A7A4642289A2}"
EndProject
Project("{FAE04EC0-301F-11D3-BF4B-00C04F79EFBC}") = "ClassLibrary", "ClassLibrary\ClassLibrary.csproj", "{4D59386A-B631-4C5B-B3CB-11B724F691DA}"
EndProject
Global
	GlobalSection(SolutionConfigurationPlatforms) = preSolution
		Debug|Any CPU = Debug|Any CPU
		Release|Any CPU = Release|Any CPU
	EndGlobalSection
	GlobalSection(ProjectConfigurationPlatforms) = postSolution
		{E8E11F56-14E8-46E9-9A8A-7E38960BEB0D}.Debug|Any CPU.ActiveCfg = Debug|Any CPU
		{E8E11F56-14E8-46E9-9A8A-7E38960BEB0D}.Debug|Any CPU.Build.0 = Debug|Any CPU
		{E8E11F56-14E8-46E9-9A8A-7E38960BEB0D}.Release|Any CPU.ActiveCfg = Release|Any CPU
		{E8E11F56-14E8-46E9-9A8A-7E38960BEB0D}.Release|Any CPU.Build.0 = Release|Any CPU
		{ED3F191B-956A-419C-B3D4-A7A4642289A2}.Debug|Any CPU.ActiveCfg = Debug|Any CPU
		{ED3F191B-956A-419C-B3D4-A7A4642289A2}.Debug|Any CPU.Build.0 = Debug|Any CPU
		{ED3F191B-956A-419C-B3D4-A7A4642289A2}.Release|Any CPU.ActiveCfg = Release|Any CPU
		{ED3F191B-956A-419C-B3D4-A7A4642289A2}.Release|Any CPU.Build.0 = Release|Any CPU
		{4D59386A-B631-4C5B-B3CB-11B724F691DA}.Debug|Any CPU.ActiveCfg = Debug|Any CPU
		{4D59386A-B631-4C5B-B3CB-11B724F691DA}.Debug|Any CPU.Build.0 = Debug|Any CPU
		{4D59386A-B631-4C5B-B3CB-11B724F691DA}.Release|Any CPU.ActiveCfg = Release|Any CPU
		{4D59386A-B631-4C5B-B3CB-11B724F691DA}.Release|Any CPU.Build.0 = Release|Any CPU
	EndGlobalSection
	GlobalSection(SolutionProperties) = preSolution
		HideSolutionNode = FALSE
	EndGlobalSection
	GlobalSection(ExtensibilityGlobals) = postSolution
		SolutionGuid = {B6F480F2-DC4C-4A9D-B704-7A8F5DA632B1}
	EndGlobalSection
EndGlobal
